
Microsoft Visual Studio Solution File, Format Version 12.00
# Visual Studio Version 16
VisualStudioVersion = 16.0.30011.22
MinimumVisualStudioVersion = 10.0.40219.1
Project("{FAE04EC0-301F-11D3-BF4B-00C04F79EFBC}") = "Arduino_SerialPortCom1", "Arduino_SerialPortCom1\Arduino_SerialPortCom1.csproj", "{347BE798-786F-4462-83E5-1EC006DD8E19}"
EndProject
Global
	GlobalSection(SolutionConfigurationPlatforms) = preSolution
		Debug|Any CPU = Debug|Any CPU
		Release|Any CPU = Release|Any CPU
	EndGlobalSection
	GlobalSection(ProjectConfigurationPlatforms) = postSolution
		{347BE798-786F-4462-83E5-1EC006DD8E19}.Debug|Any CPU.ActiveCfg = Debug|Any CPU
		{347BE798-786F-4462-83E5-1EC006DD8E19}.Debug|Any CPU.Build.0 = Debug|Any CPU
		{347BE798-786F-4462-83E5-1EC006DD8E19}.Release|Any CPU.ActiveCfg = Release|Any CPU
		{347BE798-786F-4462-83E5-1EC006DD8E19}.Release|Any CPU.Build.0 = Release|Any CPU
	EndGlobalSection
	GlobalSection(SolutionProperties) = preSolution
		HideSolutionNode = FALSE
	EndGlobalSection
	GlobalSection(ExtensibilityGlobals) = postSolution
		SolutionGuid = {8C0E1620-653F-41E7-B53C-CDA77E94F027}
	EndGlobalSection
EndGlobal
